// !$*UTF8*$!
{
	archiveVersion = 1;
	classes = {
	};
	objectVersion = 46;
	objects = {

/* Begin PBXBuildFile section */
		EC56A9CB1EA3EC7E00AB374F /* main.m in Sources */ = {isa = PBXBuildFile; fileRef = EC56A9CA1EA3EC7E00AB374F /* main.m */; };
		EC56A9CE1EA3EC7E00AB374F /* AppDelegate.m in Sources */ = {isa = PBXBuildFile; fileRef = EC56A9CD1EA3EC7E00AB374F /* AppDelegate.m */; };
		EC56A9D11EA3EC7E00AB374F /* ViewController.m in Sources */ = {isa = PBXBuildFile; fileRef = EC56A9D01EA3EC7E00AB374F /* ViewController.m */; };
		EC56A9D41EA3EC7E00AB374F /* Main.storyboard in Resources */ = {isa = PBXBuildFile; fileRef = EC56A9D21EA3EC7E00AB374F /* Main.storyboard */; };
		EC56A9D61EA3EC7E00AB374F /* Assets.xcassets in Resources */ = {isa = PBXBuildFile; fileRef = EC56A9D51EA3EC7E00AB374F /* Assets.xcassets */; };
		EC56A9D91EA3EC7E00AB374F /* LaunchScreen.storyboard in Resources */ = {isa = PBXBuildFile; fileRef = EC56A9D71EA3EC7E00AB374F /* LaunchScreen.storyboard */; };
/* End PBXBuildFile section */

/* Begin PBXFileReference section */
		EC56A9C61EA3EC7E00AB374F /* SquareAttack.app */ = {isa = PBXFileReference; explicitFileType = wrapper.application; includeInIndex = 0; path = SquareAttack.app; sourceTree = BUILT_PRODUCTS_DIR; };
		EC56A9CA1EA3EC7E00AB374F /* main.m */ = {isa = PBXFileReference; lastKnownFileType = sourcecode.c.objc; path = main.m; sourceTree = "<group>"; };
		EC56A9CC1EA3EC7E00AB374F /* AppDelegate.h */ = {isa = PBXFileReference; lastKnownFileType = sourcecode.c.h; path = AppDelegate.h; sourceTree = "<group>"; };
		EC56A9CD1EA3EC7E00AB374F /* AppDelegate.m */ = {isa = PBXFileReference; lastKnownFileType = sourcecode.c.objc; path = AppDelegate.m; sourceTree = "<group>"; };
		EC56A9CF1EA3EC7E00AB374F /* ViewController.h */ = {isa = PBXFileReference; lastKnownFileType = sourcecode.c.h; path = ViewController.h; sourceTree = "<group>"; };
		EC56A9D01EA3EC7E00AB374F /* ViewController.m */ = {isa = PBXFileReference; lastKnownFileType = sourcecode.c.objc; path = ViewController.m; sourceTree = "<group>"; };
		EC56A9D31EA3EC7E00AB374F /* Base */ = {isa = PBXFileReference; lastKnownFileType = file.storyboard; name = Base; path = Base.lproj/Main.storyboard; sourceTree = "<group>"; };
		EC56A9D51EA3EC7E00AB374F /* Assets.xcassets */ = {isa = PBXFileReference; lastKnownFileType = folder.assetcatalog; path = Assets.xcassets; sourceTree = "<group>"; };
		EC56A9D81EA3EC7E00AB374F /* Base */ = {isa = PBXFileReference; lastKnownFileType = file.storyboard; name = Base; path = Base.lproj/LaunchScreen.storyboard; sourceTree = "<group>"; };
		EC56A9DA1EA3EC7E00AB374F /* Info.plist */ = {isa = PBXFileReference; lastKnownFileType = text.plist.xml; path = Info.plist; sourceTree = "<group>"; };
/* End PBXFileReference section */

/* Begin PBXFrameworksBuildPhase section */
		EC56A9C31EA3EC7E00AB374F /* Frameworks */ = {
			isa = PBXFrameworksBuildPhase;
			buildActionMask = 2147483647;
			files = (
			);
			runOnlyForDeploymentPostprocessing = 0;
		};
/* End PBXFrameworksBuildPhase section */

/* Begin PBXGroup section */
		EC56A9BD1EA3EC7E00AB374F = {
			isa = PBXGroup;
			children = (
				EC56A9C81EA3EC7E00AB374F /* SquareAttack */,
				EC56A9C71EA3EC7E00AB374F /* Products */,
			);
			sourceTree = "<group>";
		};
		EC56A9C71EA3EC7E00AB374F /* Products */ = {
			isa = PBXGroup;
			children = (
				EC56A9C61EA3EC7E00AB374F /* SquareAttack.app */,
			);
			name = Products;
			sourceTree = "<group>";
		};
		EC56A9C81EA3EC7E00AB374F /* SquareAttack */ = {
			isa = PBXGroup;
			children = (
				EC56A9CC1EA3EC7E00AB374F /* AppDelegate.h */,
				EC56A9CD1EA3EC7E00AB374F /* AppDelegate.m */,
				EC56A9CF1EA3EC7E00AB374F /* ViewController.h */,
				EC56A9D01EA3EC7E00AB374F /* ViewController.m */,
				EC56A9D21EA3EC7E00AB374F /* Main.storyboard */,
				EC56A9D51EA3EC7E00AB374F /* Assets.xcassets */,
				EC56A9D71EA3EC7E00AB374F /* LaunchScreen.storyboard */,
				EC56A9DA1EA3EC7E00AB374F /* Info.plist */,
				EC56A9C91EA3EC7E00AB374F /* Supporting Files */,
			);
			path = SquareAttack;
			sourceTree = "<group>";
		};
		EC56A9C91EA3EC7E00AB374F /* Supporting Files */ = {
			isa = PBXGroup;
			children = (
				EC56A9CA1EA3EC7E00AB374F /* main.m */,
			);
			name = "Supporting Files";
			sourceTree = "<group>";
		};
/* End PBXGroup section */

/* Begin PBXNativeTarget section */
		EC56A9C51EA3EC7E00AB374F /* SquareAttack */ = {
			isa = PBXNativeTarget;
			buildConfigurationList = EC56A9DD1EA3EC7E00AB374F /* Build configuration list for PBXNativeTarget "SquareAttack" */;
			buildPhases = (
				EC56A9C21EA3EC7E00AB374F /* Sources */,
				EC56A9C31EA3EC7E00AB374F /* Frameworks */,
				EC56A9C41EA3EC7E00AB374F /* Resources */,
			);
			buildRules = (
			);
			dependencies = (
			);
			name = SquareAttack;
			productName = SquareAttack;
			productReference = EC56A9C61EA3EC7E00AB374F /* SquareAttack.app */;
			productType = "com.apple.product-type.application";
		};
/* End PBXNativeTarget section */

/* Begin PBXProject section */
		EC56A9BE1EA3EC7E00AB374F /* Project object */ = {
			isa = PBXProject;
			attributes = {
				LastUpgradeCheck = 0830;
				ORGANIZATIONNAME = "Anton Orzes";
				TargetAttributes = {
					EC56A9C51EA3EC7E00AB374F = {
						CreatedOnToolsVersion = 8.3;
						DevelopmentTeam = 8Z7M987K48;
						ProvisioningStyle = Automatic;
					};
				};
			};
			buildConfigurationList = EC56A9C11EA3EC7E00AB374F /* Build configuration list for PBXProject "SquareAttack" */;
			compatibilityVersion = "Xcode 3.2";
			developmentRegion = English;
			hasScannedForEncodings = 0;
			knownRegions = (
				en,
				Base,
			);
			mainGroup = EC56A9BD1EA3EC7E00AB374F;
			productRefGroup = EC56A9C71EA3EC7E00AB374F /* Products */;
			projectDirPath = "";
			projectRoot = "";
			targets = (
				EC56A9C51EA3EC7E00AB374F /* SquareAttack */,
			);
		};
/* End PBXProject section */

/* Begin PBXResourcesBuildPhase section */
		EC56A9C41EA3EC7E00AB374F /* Resources */ = {
			isa = PBXResourcesBuildPhase;
			buildActionMask = 2147483647;
			files = (
				EC56A9D91EA3EC7E00AB374F /* LaunchScreen.storyboard in Resources */,
				EC56A9D61EA3EC7E00AB374F /* Assets.xcassets in Resources */,
				EC56A9D41EA3EC7E00AB374F /* Main.storyboard in Resources */,
			);
			runOnlyForDeploymentPostprocessing = 0;
		};
/* End PBXResourcesBuildPhase section */

/* Begin PBXSourcesBuildPhase section */
		EC56A9C21EA3EC7E00AB374F /* Sources */ = {
			isa = PBXSourcesBuildPhase;
			buildActionMask = 2147483647;
			files = (
				EC56A9D11EA3EC7E00AB374F /* ViewController.m in Sources */,
				EC56A9CE1EA3EC7E00AB374F /* AppDelegate.m in Sources */,
				EC56A9CB1EA3EC7E00AB374F /* main.m in Sources */,
			);
			runOnlyForDeploymentPostprocessing = 0;
		};
/* End PBXSourcesBuildPhase section */

/* Begin PBXVariantGroup section */
		EC56A9D21EA3EC7E00AB374F /* Main.storyboard */ = {
			isa = PBXVariantGroup;
			children = (
				EC56A9D31EA3EC7E00AB374F /* Base */,
			);
			name = Main.storyboard;
			sourceTree = "<group>";
		};
		EC56A9D71EA3EC7E00AB374F /* LaunchScreen.storyboard */ = {
			isa = PBXVariantGroup;
			children = (
				EC56A9D81EA3EC7E00AB374F /* Base */,
			);
			name = LaunchScreen.storyboard;
			sourceTree = "<group>";
		};
/* End PBXVariantGroup section */

/* Begin XCBuildConfiguration section */
		EC56A9DB1EA3EC7E00AB374F /* Debug */ = {
			isa = XCBuildConfiguration;
			buildSettings = {
				ALWAYS_SEARCH_USER_PATHS = NO;
				CLANG_ANALYZER_NONNULL = YES;
				CLANG_ANALYZER_NUMBER_OBJECT_CONVERSION = YES_AGGRESSIVE;
				CLANG_CXX_LANGUAGE_STANDARD = "gnu++0x";
				CLANG_CXX_LIBRARY = "libc++";
				CLANG_ENABLE_MODULES = YES;
				CLANG_ENABLE_OBJC_ARC = YES;
				CLANG_WARN_BOOL_CONVERSION = YES;
				CLANG_WARN_CONSTANT_CONVERSION = YES;
				CLANG_WARN_DIRECT_OBJC_ISA_USAGE = YES_ERROR;
				CLANG_WARN_DOCUMENTATION_COMMENTS = YES;
				CLANG_WARN_EMPTY_BODY = YES;
				CLANG_WARN_ENUM_CONVERSION = YES;
				CLANG_WARN_INFINITE_RECURSION = YES;
				CLANG_WARN_INT_CONVERSION = YES;
				CLANG_WARN_OBJC_ROOT_CLASS = YES_ERROR;
				CLANG_WARN_SUSPICIOUS_MOVE = YES;
				CLANG_WARN_UNREACHABLE_CODE = YES;
				CLANG_WARN__DUPLICATE_METHOD_MATCH = YES;
				"CODE_SIGN_IDENTITY[sdk=iphoneos*]" = "iPhone Developer";
				COPY_PHASE_STRIP = NO;
				DEBUG_INFORMATION_FORMAT = dwarf;
				ENABLE_STRICT_OBJC_MSGSEND = YES;
				ENABLE_TESTABILITY = YES;
				GCC_C_LANGUAGE_STANDARD = gnu99;
				GCC_DYNAMIC_NO_PIC = NO;
				GCC_NO_COMMON_BLOCKS = YES;
				GCC_OPTIMIZATION_LEVEL = 0;
				GCC_PREPROCESSOR_DEFINITIONS = (
					"DEBUG=1",
					"$(inherited)",
				);
				GCC_WARN_64_TO_32_BIT_CONVERSION = YES;
				GCC_WARN_ABOUT_RETURN_TYPE = YES_ERROR;
				GCC_WARN_UNDECLARED_SELECTOR = YES;
				GCC_WARN_UNINITIALIZED_AUTOS = YES_AGGRESSIVE;
				GCC_WARN_UNUSED_FUNCTION = YES;
				GCC_WARN_UNUSED_VARIABLE = YES;
				IPHONEOS_DEPLOYMENT_TARGET = 10.3;
				MTL_ENABLE_DEBUG_INFO = YES;
				ONLY_ACTIVE_ARCH = YES;
				SDKROOT = iphoneos;
				TARGETED_DEVICE_FAMILY = "1,2";
			};
			name = Debug;
		};
		EC56A9DC1EA3EC7E00AB374F /* Release */ = {
			isa = XCBuildConfiguration;
			buildSettings = {
				ALWAYS_SEARCH_USER_PATHS = NO;
				CLANG_ANALYZER_NONNULL = YES;
				CLANG_ANALYZER_NUMBER_OBJECT_CONVERSION = YES_AGGRESSIVE;
				CLANG_CXX_LANGUAGE_STANDARD = "gnu++0x";
				CLANG_CXX_LIBRARY = "libc++";
				CLANG_ENABLE_MODULES = YES;
				CLANG_ENABLE_OBJC_ARC = YES;
				CLANG_WARN_BOOL_CONVERSION = YES;
				CLANG_WARN_CONSTANT_CONVERSION = YES;
				CLANG_WARN_DIRECT_OBJC_ISA_USAGE = YES_ERROR;
				CLANG_WARN_DOCUMENTATION_COMMENTS = YES;
				CLANG_WARN_EMPTY_BODY = YES;
				CLANG_WARN_ENUM_CONVERSION = YES;
				CLANG_WARN_INFINITE_RECURSION = YES;
				CLANG_WARN_INT_CONVERSION = YES;
				CLANG_WARN_OBJC_ROOT_CLASS = YES_ERROR;
				CLANG_WARN_SUSPICIOUS_MOVE = YES;
				CLANG_WARN_UNREACHABLE_CODE = YES;
				CLANG_WARN__DUPLICATE_METHOD_MATCH = YES;
				"CODE_SIGN_IDENTITY[sdk=iphoneos*]" = "iPhone Developer";
				COPY_PHASE_STRIP = NO;
				DEBUG_INFORMATION_FORMAT = "dwarf-with-dsym";
				ENABLE_NS_ASSERTIONS = NO;
				ENABLE_STRICT_OBJC_MSGSEND = YES;
				GCC_C_LANGUAGE_STANDARD = gnu99;
				GCC_NO_COMMON_BLOCKS = YES;
				GCC_WARN_64_TO_32_BIT_CONVERSION = YES;
				GCC_WARN_ABOUT_RETURN_TYPE = YES_ERROR;
				GCC_WARN_UNDECLARED_SELECTOR = YES;
				GCC_WARN_UNINITIALIZED_AUTOS = YES_AGGRESSIVE;
				GCC_WARN_UNUSED_FUNCTION = YES;
				GCC_WARN_UNUSED_VARIABLE = YES;
				IPHONEOS_DEPLOYMENT_TARGET = 10.3;
				MTL_ENABLE_DEBUG_INFO = NO;
				SDKROOT = iphoneos;
				TARGETED_DEVICE_FAMILY = "1,2";
				VALIDATE_PRODUCT = YES;
			};
			name = Release;
		};
		EC56A9DE1EA3EC7E00AB374F /* Debug */ = {
			isa = XCBuildConfiguration;
			buildSettings = {
				ASSETCATALOG_COMPILER_APPICON_NAME = AppIcon;
				DEVELOPMENT_TEAM = 8Z7M987K48;
				INFOPLIST_FILE = SquareAttack/Info.plist;
				LD_RUNPATH_SEARCH_PATHS = "$(inherited) @executable_path/Frameworks";
				PRODUCT_BUNDLE_IDENTIFIER = orzes.SquareAttack;
				PRODUCT_NAME = "$(TARGET_NAME)";
			};
			name = Debug;
		};
		EC56A9DF1EA3EC7E00AB374F /* Release */ = {
			isa = XCBuildConfiguration;
			buildSettings = {
				ASSETCATALOG_COMPILER_APPICON_NAME = AppIcon;
				DEVELOPMENT_TEAM = 8Z7M987K48;
				INFOPLIST_FILE = SquareAttack/Info.plist;
				LD_RUNPATH_SEARCH_PATHS = "$(inherited) @executable_path/Frameworks";
				PRODUCT_BUNDLE_IDENTIFIER = orzes.SquareAttack;
				PRODUCT_NAME = "$(TARGET_NAME)";
			};
			name = Release;
		};
/* End XCBuildConfiguration section */

/* Begin XCConfigurationList section */
		EC56A9C11EA3EC7E00AB374F /* Build configuration list for PBXProject "SquareAttack" */ = {
			isa = XCConfigurationList;
			buildConfigurations = (
				EC56A9DB1EA3EC7E00AB374F /* Debug */,
				EC56A9DC1EA3EC7E00AB374F /* Release */,
			);
			defaultConfigurationIsVisible = 0;
			defaultConfigurationName = Release;
		};
		EC56A9DD1EA3EC7E00AB374F /* Build configuration list for PBXNativeTarget "SquareAttack" */ = {
			isa = XCConfigurationList;
			buildConfigurations = (
				EC56A9DE1EA3EC7E00AB374F /* Debug */,
				EC56A9DF1EA3EC7E00AB374F /* Release */,
			);
			defaultConfigurationIsVisible = 0;
		};
/* End XCConfigurationList section */
	};
	rootObject = EC56A9BE1EA3EC7E00AB374F /* Project object */;
}
